<?xml version="1.0" encoding="utf-8"?>
<Project ToolsVersion="4.0" xmlns="http://schemas.microsoft.com/developer/msbuild/2003">
  <ItemGroup>
    <Filter Include="Source Files">
      <UniqueIdentifier>{4FC737F1-C7A5-4376-A066-2A32D752A2FF}</UniqueIdentifier>
      <Extensions>cpp;c;cc;cxx;def;odl;idl;hpj;bat;asm;asmx</Extensions>
    </Filter>
    <Filter Include="Header Files">
      <UniqueIdentifier>{93995380-89BD-4b04-88EB-625FBE52EBFB}</UniqueIdentifier>
      <Extensions>h;hpp;hxx;hm;inl;inc;xsd</Extensions>
    </Filter>
    <Filter Include="Resource Files">
      <UniqueIdentifier>{67DA6AB6-F800-4c08-8B7A-83BB121AAD01}</UniqueIdentifier>
      <Extensions>rc;ico;cur;bmp;dlg;rc2;rct;bin;rgs;gif;jpg;jpeg;jpe;resx;tiff;tif;png;wav</Extensions>
    </Filter>
  </ItemGroup>
  <ItemGroup>
    <ClCompile Include="ai.cpp">
      <Filter>Source Files</Filter>
    </ClCompile>
    <ClCompile Include="board.cpp">
      <Filter>Source Files</Filter>
    </ClCompile>
    <ClCompile Include="bridge.cpp">
      <Filter>Source Files</Filter>
    </ClCompile>
    <ClCompile Include="chat.cpp">
      <Filter>Source Files</Filter>
    </ClCompile>
    <ClCompile Include="config.cpp">
      <Filter>Source Files</Filter>
    </ClCompile>
    <ClCompile Include="effect.cpp">
      <Filter>Source Files</Filter>
    </ClCompile>
    <ClCompile Include="game.cpp">
      <Filter>Source Files</Filter>
    </ClCompile>
    <ClCompile Include="log.cpp">
      <Filter>Source Files</Filter>
    </ClCompile>
    <ClCompile Include="net.cpp">
      <Filter>Source Files</Filter>
    </ClCompile>
    <ClCompile Include="options.cpp">
      <Filter>Source Files</Filter>
    </ClCompile>
    <ClCompile Include="panel.cpp">
      <Filter>Source Files</Filter>
    </ClCompile>
    <ClCompile Include="piece.cpp">
      <Filter>Source Files</Filter>
    </ClCompile>
    <ClCompile Include="scene.cpp">
      <Filter>Source Files</Filter>
    </ClCompile>
    <ClCompile Include="sound.cpp">
      <Filter>Source Files</Filter>
    </ClCompile>
    <ClCompile Include="spell.cpp">
      <Filter>Source Files</Filter>
    </ClCompile>
    <ClCompile Include="timer.cpp">
      <Filter>Source Files</Filter>
    </ClCompile>
    <ClCompile Include="wizard.cpp">
      <Filter>Source Files</Filter>
    </ClCompile>
  </ItemGroup>
  <ItemGroup>
    <ClInclude Include="ai.hpp">
      <Filter>Header Files</Filter>
    </ClInclude>
    <ClInclude Include="board.hpp">
      <Filter>Header Files</Filter>
    </ClInclude>
    <ClInclude Include="bridge.hpp">
      <Filter>Header Files</Filter>
    </ClInclude>
    <ClInclude Include="chat.hpp">
      <Filter>Header Files</Filter>
    </ClInclude>
    <ClInclude Include="config.hpp">
      <Filter>Header Files</Filter>
    </ClInclude>
    <ClInclude Include="effect.hpp">
      <Filter>Header Files</Filter>
    </ClInclude>
    <ClInclude Include="game.hpp">
      <Filter>Header Files</Filter>
    </ClInclude>
    <ClInclude Include="log.hpp">
      <Filter>Header Files</Filter>
    </ClInclude>
    <ClInclude Include="net.hpp">
      <Filter>Header Files</Filter>
    </ClInclude>
    <ClInclude Include="options.hpp">
      <Filter>Header Files</Filter>
    </ClInclude>
    <ClInclude Include="panel.hpp">
      <Filter>Header Files</Filter>
    </ClInclude>
    <ClInclude Include="piece.hpp">
      <Filter>Header Files</Filter>
    </ClInclude>
    <ClInclude Include="scene.hpp">
      <Filter>Header Files</Filter>
    </ClInclude>
    <ClInclude Include="sound.hpp">
      <Filter>Header Files</Filter>
    </ClInclude>
    <ClInclude Include="spell.hpp">
      <Filter>Header Files</Filter>
    </ClInclude>
    <ClInclude Include="timer.hpp">
      <Filter>Header Files</Filter>
    </ClInclude>
    <ClInclude Include="wizard.hpp">
      <Filter>Header Files</Filter>
    </ClInclude>
  </ItemGroup>
</Project>